
Microsoft Visual Studio Solution File, Format Version 12.00
# Visual Studio Version 17
VisualStudioVersion = 17.9.34701.34
MinimumVisualStudioVersion = 10.0.40219.1
Project("{9A19103F-16F7-4668-BE54-9A1E7A4F7556}") = "tictactoe", "tictactoe\tictactoe.csproj", "{B0E4FE6A-842C-4074-BD2F-911D89ED1010}"
EndProject
Global
	GlobalSection(SolutionConfigurationPlatforms) = preSolution
		Debug|Any CPU = Debug|Any CPU
		Release|Any CPU = Release|Any CPU
	EndGlobalSection
	GlobalSection(ProjectConfigurationPlatforms) = postSolution
		{B0E4FE6A-842C-4074-BD2F-911D89ED1010}.Debug|Any CPU.ActiveCfg = Debug|Any CPU
		{B0E4FE6A-842C-4074-BD2F-911D89ED1010}.Debug|Any CPU.Build.0 = Debug|Any CPU
		{B0E4FE6A-842C-4074-BD2F-911D89ED1010}.Release|Any CPU.ActiveCfg = Release|Any CPU
		{B0E4FE6A-842C-4074-BD2F-911D89ED1010}.Release|Any CPU.Build.0 = Release|Any CPU
	EndGlobalSection
	GlobalSection(SolutionProperties) = preSolution
		HideSolutionNode = FALSE
	EndGlobalSection
	GlobalSection(ExtensibilityGlobals) = postSolution
		SolutionGuid = {325C6F5E-4C89-4F35-97AE-89861CE56615}
	EndGlobalSection
EndGlobal
